[root]
name = "ayzim"
version = "0.1.0"
dependencies = [
 "ayzim-macros 0.1.0",
 "cfor 1.1.0 (registry+https://github.com/rust-lang/crates.io-index)",
 "conv 0.3.3 (registry+https://github.com/rust-lang/crates.io-index)",
 "interpolate_idents 0.1.2 (registry+https://github.com/rust-lang/crates.io-index)",
 "lazy_static 0.1.16 (registry+https://github.com/rust-lang/crates.io-index)",
 "libc 0.2.16 (registry+https://github.com/rust-lang/crates.io-index)",
 "odds 0.2.22 (registry+https://github.com/rust-lang/crates.io-index)",
 "phf 0.7.17 (registry+https://github.com/rust-lang/crates.io-index)",
 "phf_builder 0.7.17 (registry+https://github.com/rust-lang/crates.io-index)",
 "serde 0.8.12 (registry+https://github.com/rust-lang/crates.io-index)",
 "serde_json 0.8.2 (registry+https://github.com/rust-lang/crates.io-index)",
 "smallvec 0.1.8 (registry+https://github.com/rust-lang/crates.io-index)",
 "string_cache 0.2.27",
 "string_cache_codegen 0.2.27",
 "typed-arena 1.2.0 (registry+https://github.com/rust-lang/crates.io-index)",
]

[[package]]
name = "ayzim-macros"
version = "0.1.0"

[[package]]
name = "cfor"
version = "1.1.0"
source = "registry+https://github.com/rust-lang/crates.io-index"

[[package]]
name = "conv"
version = "0.3.3"
source = "registry+https://github.com/rust-lang/crates.io-index"
dependencies = [
 "custom_derive 0.1.5 (registry+https://github.com/rust-lang/crates.io-index)",
]

[[package]]
name = "custom_derive"
version = "0.1.5"
source = "registry+https://github.com/rust-lang/crates.io-index"

[[package]]
name = "debug_unreachable"
version = "0.1.1"
source = "registry+https://github.com/rust-lang/crates.io-index"
dependencies = [
 "unreachable 0.1.1 (registry+https://github.com/rust-lang/crates.io-index)",
]

[[package]]
name = "dtoa"
version = "0.2.2"
source = "registry+https://github.com/rust-lang/crates.io-index"

[[package]]
name = "interpolate_idents"
version = "0.1.2"
source = "registry+https://github.com/rust-lang/crates.io-index"

[[package]]
name = "itoa"
version = "0.1.1"
source = "registry+https://github.com/rust-lang/crates.io-index"

[[package]]
name = "lazy_static"
version = "0.1.16"
source = "registry+https://github.com/rust-lang/crates.io-index"

[[package]]
name = "lazy_static"
version = "0.2.1"
source = "registry+https://github.com/rust-lang/crates.io-index"

[[package]]
name = "libc"
version = "0.2.16"
source = "registry+https://github.com/rust-lang/crates.io-index"

[[package]]
name = "num-traits"
version = "0.1.36"
source = "registry+https://github.com/rust-lang/crates.io-index"

[[package]]
name = "odds"
version = "0.2.22"
source = "registry+https://github.com/rust-lang/crates.io-index"

[[package]]
name = "phf"
version = "0.7.17"
source = "registry+https://github.com/rust-lang/crates.io-index"
dependencies = [
 "phf_shared 0.7.17 (registry+https://github.com/rust-lang/crates.io-index)",
]

[[package]]
name = "phf_builder"
version = "0.7.17"
source = "registry+https://github.com/rust-lang/crates.io-index"
dependencies = [
 "phf 0.7.17 (registry+https://github.com/rust-lang/crates.io-index)",
 "phf_generator 0.7.17 (registry+https://github.com/rust-lang/crates.io-index)",
]

[[package]]
name = "phf_codegen"
version = "0.7.17"
source = "registry+https://github.com/rust-lang/crates.io-index"
dependencies = [
 "phf_generator 0.7.17 (registry+https://github.com/rust-lang/crates.io-index)",
 "phf_shared 0.7.17 (registry+https://github.com/rust-lang/crates.io-index)",
]

[[package]]
name = "phf_generator"
version = "0.7.17"
source = "registry+https://github.com/rust-lang/crates.io-index"
dependencies = [
 "phf_shared 0.7.17 (registry+https://github.com/rust-lang/crates.io-index)",
 "rand 0.3.14 (registry+https://github.com/rust-lang/crates.io-index)",
]

[[package]]
name = "phf_shared"
version = "0.7.17"
source = "registry+https://github.com/rust-lang/crates.io-index"

[[package]]
name = "rand"
version = "0.3.14"
source = "registry+https://github.com/rust-lang/crates.io-index"
dependencies = [
 "libc 0.2.16 (registry+https://github.com/rust-lang/crates.io-index)",
]

[[package]]
name = "serde"
version = "0.8.12"
source = "registry+https://github.com/rust-lang/crates.io-index"

[[package]]
name = "serde_json"
version = "0.8.2"
source = "registry+https://github.com/rust-lang/crates.io-index"
dependencies = [
 "dtoa 0.2.2 (registry+https://github.com/rust-lang/crates.io-index)",
 "itoa 0.1.1 (registry+https://github.com/rust-lang/crates.io-index)",
 "num-traits 0.1.36 (registry+https://github.com/rust-lang/crates.io-index)",
 "serde 0.8.12 (registry+https://github.com/rust-lang/crates.io-index)",
]

[[package]]
name = "smallvec"
version = "0.1.8"
source = "registry+https://github.com/rust-lang/crates.io-index"

[[package]]
name = "string_cache"
version = "0.2.27"
dependencies = [
 "debug_unreachable 0.1.1 (registry+https://github.com/rust-lang/crates.io-index)",
 "lazy_static 0.2.1 (registry+https://github.com/rust-lang/crates.io-index)",
 "phf 0.7.17 (registry+https://github.com/rust-lang/crates.io-index)",
 "phf_shared 0.7.17 (registry+https://github.com/rust-lang/crates.io-index)",
 "serde 0.8.12 (registry+https://github.com/rust-lang/crates.io-index)",
 "string_cache_codegen 0.2.27",
]

[[package]]
name = "string_cache_codegen"
version = "0.2.27"
dependencies = [
 "phf_codegen 0.7.17 (registry+https://github.com/rust-lang/crates.io-index)",
]

[[package]]
name = "typed-arena"
version = "1.2.0"
source = "registry+https://github.com/rust-lang/crates.io-index"

[[package]]
name = "unreachable"
version = "0.1.1"
source = "registry+https://github.com/rust-lang/crates.io-index"
dependencies = [
 "void 1.0.2 (registry+https://github.com/rust-lang/crates.io-index)",
]

[[package]]
name = "void"
version = "1.0.2"
source = "registry+https://github.com/rust-lang/crates.io-index"

[metadata]
"checksum cfor 1.1.0 (registry+https://github.com/rust-lang/crates.io-index)" = "e035019ccf76253261e8ba408182d2d4de6acc4dac78c41b2e5d645df2301205"
"checksum conv 0.3.3 (registry+https://github.com/rust-lang/crates.io-index)" = "78ff10625fd0ac447827aa30ea8b861fead473bb60aeb73af6c1c58caf0d1299"
"checksum custom_derive 0.1.5 (registry+https://github.com/rust-lang/crates.io-index)" = "ea1262be99f6e841c8ff80887a156a35fadec70b94011900364eaee73d5f8c26"
"checksum debug_unreachable 0.1.1 (registry+https://github.com/rust-lang/crates.io-index)" = "9a032eac705ca39214d169f83e3d3da290af06d8d1d344d1baad2fd002dca4b3"
"checksum dtoa 0.2.2 (registry+https://github.com/rust-lang/crates.io-index)" = "0dd841b58510c9618291ffa448da2e4e0f699d984d436122372f446dae62263d"
"checksum interpolate_idents 0.1.2 (registry+https://github.com/rust-lang/crates.io-index)" = "153c5f0218ca99dfe7f5298e9f80527c3676cea7fa46a5bb9b94873379b5694b"
"checksum itoa 0.1.1 (registry+https://github.com/rust-lang/crates.io-index)" = "ae3088ea4baeceb0284ee9eea42f591226e6beaecf65373e41b38d95a1b8e7a1"
"checksum lazy_static 0.1.16 (registry+https://github.com/rust-lang/crates.io-index)" = "cf186d1a8aa5f5bee5fd662bc9c1b949e0259e1bcc379d1f006847b0080c7417"
"checksum lazy_static 0.2.1 (registry+https://github.com/rust-lang/crates.io-index)" = "49247ec2a285bb3dcb23cbd9c35193c025e7251bfce77c1d5da97e6362dffe7f"
"checksum libc 0.2.16 (registry+https://github.com/rust-lang/crates.io-index)" = "408014cace30ee0f767b1c4517980646a573ec61a57957aeeabcac8ac0a02e8d"
"checksum num-traits 0.1.36 (registry+https://github.com/rust-lang/crates.io-index)" = "a16a42856a256b39c6d3484f097f6713e14feacd9bfb02290917904fae46c81c"
"checksum odds 0.2.22 (registry+https://github.com/rust-lang/crates.io-index)" = "308eb922caa165a2c4be8004abf87822fc4b444ab339f70fc172236b1905efb0"
"checksum phf 0.7.17 (registry+https://github.com/rust-lang/crates.io-index)" = "f02853ab706e88121d7ad33ed06bedce0a7cdb96136be7c20ff0dce7b4adb9ef"
"checksum phf_builder 0.7.17 (registry+https://github.com/rust-lang/crates.io-index)" = "4f2a15defc31b4ee0d7ea0c623e8fd1d2e9d40b1c8cae273d37907b7d3fa2365"
"checksum phf_codegen 0.7.17 (registry+https://github.com/rust-lang/crates.io-index)" = "563b670811792d49bff142e7bb9787530d9b689fb4c55c6c309822d8d956a242"
"checksum phf_generator 0.7.17 (registry+https://github.com/rust-lang/crates.io-index)" = "21416830a6c83526443b960fd41b5e18f64c4e4f90970499aeed2be592029042"
"checksum phf_shared 0.7.17 (registry+https://github.com/rust-lang/crates.io-index)" = "4a65f09191172833c798d31e5317ecd1e4be890a3d5acc6c2f85e1460c8828bd"
"checksum rand 0.3.14 (registry+https://github.com/rust-lang/crates.io-index)" = "2791d88c6defac799c3f20d74f094ca33b9332612d9aef9078519c82e4fe04a5"
"checksum serde 0.8.12 (registry+https://github.com/rust-lang/crates.io-index)" = "f6b2f52afebb4708a21b9d721dbac942daa010f8478c6486daa48d62d5c70508"
"checksum serde_json 0.8.2 (registry+https://github.com/rust-lang/crates.io-index)" = "e5b3bb42fa42265df8a1822b3db2090bc8f9e17e8142599c76a5b854bc4e7b5b"
"checksum smallvec 0.1.8 (registry+https://github.com/rust-lang/crates.io-index)" = "fcc8d19212aacecf95e4a7a2179b26f7aeb9732a915cf01f05b0d3e044865410"
"checksum typed-arena 1.2.0 (registry+https://github.com/rust-lang/crates.io-index)" = "8e2f9dc90da4f9d66ffc9ad3ead2c7d57582a26f4a3292d2ce7011bd29965100"
"checksum unreachable 0.1.1 (registry+https://github.com/rust-lang/crates.io-index)" = "1f2ae5ddb18e1c92664717616dd9549dde73f539f01bd7b77c2edb2446bdff91"
"checksum void 1.0.2 (registry+https://github.com/rust-lang/crates.io-index)" = "6a02e4885ed3bc0f2de90ea6dd45ebcbb66dacffe03547fadbb0eeae2770887d"
